
Microsoft Visual Studio Solution File, Format Version 12.00
# Visual Studio Version 17
VisualStudioVersion = 17.14.36804.6
MinimumVisualStudioVersion = 10.0.40219.1
Project("{FAE04EC0-301F-11D3-BF4B-00C04F79EFBC}") = "AuctionService", "src\AuctionService\AuctionService.csproj", "{9DD00416-5327-615F-6AB4-CF9364434F3A}"
EndProject
Project("{2150E333-8FDC-42A3-9474-1A3956D46DE8}") = "src", "src", "{827E0CD3-B72D-47B6-A68D-7590B98EB39B}"
EndProject
Project("{FAE04EC0-301F-11D3-BF4B-00C04F79EFBC}") = "SearchService", "src\SearchService\SearchService.csproj", "{CFC688FB-2678-4E20-8FF3-4A8E00DCB39D}"
EndProject
Project("{FAE04EC0-301F-11D3-BF4B-00C04F79EFBC}") = "Contracts", "src\Contracts\Contracts.csproj", "{29F8BC38-ACB9-4802-A083-F7DEA20EBA30}"
EndProject
Project("{FAE04EC0-301F-11D3-BF4B-00C04F79EFBC}") = "IdentityService", "src\IdentityService\IdentityService.csproj", "{66300F5F-F1C9-4A25-8DB6-028DCEB82040}"
EndProject
Project("{FAE04EC0-301F-11D3-BF4B-00C04F79EFBC}") = "GatewayService", "src\GatewayService\GatewayService.csproj", "{0DEA3B81-70EB-42BC-92DA-4EC31525F4D5}"
EndProject
Project("{FAE04EC0-301F-11D3-BF4B-00C04F79EFBC}") = "BiddingService", "src\BiddingService\BiddingService.csproj", "{CF16ACF7-B828-4A86-98CF-D5308B1FDAE7}"
EndProject
Global
	GlobalSection(SolutionConfigurationPlatforms) = preSolution
		Debug|Any CPU = Debug|Any CPU
		Debug|x64 = Debug|x64
		Debug|x86 = Debug|x86
		Release|Any CPU = Release|Any CPU
		Release|x64 = Release|x64
		Release|x86 = Release|x86
	EndGlobalSection
	GlobalSection(ProjectConfigurationPlatforms) = postSolution
		{9DD00416-5327-615F-6AB4-CF9364434F3A}.Debug|Any CPU.ActiveCfg = Debug|Any CPU
		{9DD00416-5327-615F-6AB4-CF9364434F3A}.Debug|Any CPU.Build.0 = Debug|Any CPU
		{9DD00416-5327-615F-6AB4-CF9364434F3A}.Debug|x64.ActiveCfg = Debug|Any CPU
		{9DD00416-5327-615F-6AB4-CF9364434F3A}.Debug|x64.Build.0 = Debug|Any CPU
		{9DD00416-5327-615F-6AB4-CF9364434F3A}.Debug|x86.ActiveCfg = Debug|Any CPU
		{9DD00416-5327-615F-6AB4-CF9364434F3A}.Debug|x86.Build.0 = Debug|Any CPU
		{9DD00416-5327-615F-6AB4-CF9364434F3A}.Release|Any CPU.ActiveCfg = Release|Any CPU
		{9DD00416-5327-615F-6AB4-CF9364434F3A}.Release|Any CPU.Build.0 = Release|Any CPU
		{9DD00416-5327-615F-6AB4-CF9364434F3A}.Release|x64.ActiveCfg = Release|Any CPU
		{9DD00416-5327-615F-6AB4-CF9364434F3A}.Release|x64.Build.0 = Release|Any CPU
		{9DD00416-5327-615F-6AB4-CF9364434F3A}.Release|x86.ActiveCfg = Release|Any CPU
		{9DD00416-5327-615F-6AB4-CF9364434F3A}.Release|x86.Build.0 = Release|Any CPU
		{CFC688FB-2678-4E20-8FF3-4A8E00DCB39D}.Debug|Any CPU.ActiveCfg = Debug|Any CPU
		{CFC688FB-2678-4E20-8FF3-4A8E00DCB39D}.Debug|Any CPU.Build.0 = Debug|Any CPU
		{CFC688FB-2678-4E20-8FF3-4A8E00DCB39D}.Debug|x64.ActiveCfg = Debug|Any CPU
		{CFC688FB-2678-4E20-8FF3-4A8E00DCB39D}.Debug|x64.Build.0 = Debug|Any CPU
		{CFC688FB-2678-4E20-8FF3-4A8E00DCB39D}.Debug|x86.ActiveCfg = Debug|Any CPU
		{CFC688FB-2678-4E20-8FF3-4A8E00DCB39D}.Debug|x86.Build.0 = Debug|Any CPU
		{CFC688FB-2678-4E20-8FF3-4A8E00DCB39D}.Release|Any CPU.ActiveCfg = Release|Any CPU
		{CFC688FB-2678-4E20-8FF3-4A8E00DCB39D}.Release|Any CPU.Build.0 = Release|Any CPU
		{CFC688FB-2678-4E20-8FF3-4A8E00DCB39D}.Release|x64.ActiveCfg = Release|Any CPU
		{CFC688FB-2678-4E20-8FF3-4A8E00DCB39D}.Release|x64.Build.0 = Release|Any CPU
		{CFC688FB-2678-4E20-8FF3-4A8E00DCB39D}.Release|x86.ActiveCfg = Release|Any CPU
		{CFC688FB-2678-4E20-8FF3-4A8E00DCB39D}.Release|x86.Build.0 = Release|Any CPU
		{29F8BC38-ACB9-4802-A083-F7DEA20EBA30}.Debug|Any CPU.ActiveCfg = Debug|Any CPU
		{29F8BC38-ACB9-4802-A083-F7DEA20EBA30}.Debug|Any CPU.Build.0 = Debug|Any CPU
		{29F8BC38-ACB9-4802-A083-F7DEA20EBA30}.Debug|x64.ActiveCfg = Debug|Any CPU
		{29F8BC38-ACB9-4802-A083-F7DEA20EBA30}.Debug|x64.Build.0 = Debug|Any CPU
		{29F8BC38-ACB9-4802-A083-F7DEA20EBA30}.Debug|x86.ActiveCfg = Debug|Any CPU
		{29F8BC38-ACB9-4802-A083-F7DEA20EBA30}.Debug|x86.Build.0 = Debug|Any CPU
		{29F8BC38-ACB9-4802-A083-F7DEA20EBA30}.Release|Any CPU.ActiveCfg = Release|Any CPU
		{29F8BC38-ACB9-4802-A083-F7DEA20EBA30}.Release|Any CPU.Build.0 = Release|Any CPU
		{29F8BC38-ACB9-4802-A083-F7DEA20EBA30}.Release|x64.ActiveCfg = Release|Any CPU
		{29F8BC38-ACB9-4802-A083-F7DEA20EBA30}.Release|x64.Build.0 = Release|Any CPU
		{29F8BC38-ACB9-4802-A083-F7DEA20EBA30}.Release|x86.ActiveCfg = Release|Any CPU
		{29F8BC38-ACB9-4802-A083-F7DEA20EBA30}.Release|x86.Build.0 = Release|Any CPU
		{66300F5F-F1C9-4A25-8DB6-028DCEB82040}.Debug|Any CPU.ActiveCfg = Debug|Any CPU
		{66300F5F-F1C9-4A25-8DB6-028DCEB82040}.Debug|Any CPU.Build.0 = Debug|Any CPU
		{66300F5F-F1C9-4A25-8DB6-028DCEB82040}.Debug|x64.ActiveCfg = Debug|Any CPU
		{66300F5F-F1C9-4A25-8DB6-028DCEB82040}.Debug|x64.Build.0 = Debug|Any CPU
		{66300F5F-F1C9-4A25-8DB6-028DCEB82040}.Debug|x86.ActiveCfg = Debug|Any CPU
		{66300F5F-F1C9-4A25-8DB6-028DCEB82040}.Debug|x86.Build.0 = Debug|Any CPU
		{66300F5F-F1C9-4A25-8DB6-028DCEB82040}.Release|Any CPU.ActiveCfg = Release|Any CPU
		{66300F5F-F1C9-4A25-8DB6-028DCEB82040}.Release|Any CPU.Build.0 = Release|Any CPU
		{66300F5F-F1C9-4A25-8DB6-028DCEB82040}.Release|x64.ActiveCfg = Release|Any CPU
		{66300F5F-F1C9-4A25-8DB6-028DCEB82040}.Release|x64.Build.0 = Release|Any CPU
		{66300F5F-F1C9-4A25-8DB6-028DCEB82040}.Release|x86.ActiveCfg = Release|Any CPU
		{66300F5F-F1C9-4A25-8DB6-028DCEB82040}.Release|x86.Build.0 = Release|Any CPU
		{0DEA3B81-70EB-42BC-92DA-4EC31525F4D5}.Debug|Any CPU.ActiveCfg = Debug|Any CPU
		{0DEA3B81-70EB-42BC-92DA-4EC31525F4D5}.Debug|Any CPU.Build.0 = Debug|Any CPU
		{0DEA3B81-70EB-42BC-92DA-4EC31525F4D5}.Debug|x64.ActiveCfg = Debug|Any CPU
		{0DEA3B81-70EB-42BC-92DA-4EC31525F4D5}.Debug|x64.Build.0 = Debug|Any CPU
		{0DEA3B81-70EB-42BC-92DA-4EC31525F4D5}.Debug|x86.ActiveCfg = Debug|Any CPU
		{0DEA3B81-70EB-42BC-92DA-4EC31525F4D5}.Debug|x86.Build.0 = Debug|Any CPU
		{0DEA3B81-70EB-42BC-92DA-4EC31525F4D5}.Release|Any CPU.ActiveCfg = Release|Any CPU
		{0DEA3B81-70EB-42BC-92DA-4EC31525F4D5}.Release|Any CPU.Build.0 = Release|Any CPU
		{0DEA3B81-70EB-42BC-92DA-4EC31525F4D5}.Release|x64.ActiveCfg = Release|Any CPU
		{0DEA3B81-70EB-42BC-92DA-4EC31525F4D5}.Release|x64.Build.0 = Release|Any CPU
		{0DEA3B81-70EB-42BC-92DA-4EC31525F4D5}.Release|x86.ActiveCfg = Release|Any CPU
		{0DEA3B81-70EB-42BC-92DA-4EC31525F4D5}.Release|x86.Build.0 = Release|Any CPU
		{CF16ACF7-B828-4A86-98CF-D5308B1FDAE7}.Debug|Any CPU.ActiveCfg = Debug|Any CPU
		{CF16ACF7-B828-4A86-98CF-D5308B1FDAE7}.Debug|Any CPU.Build.0 = Debug|Any CPU
		{CF16ACF7-B828-4A86-98CF-D5308B1FDAE7}.Debug|x64.ActiveCfg = Debug|Any CPU
		{CF16ACF7-B828-4A86-98CF-D5308B1FDAE7}.Debug|x64.Build.0 = Debug|Any CPU
		{CF16ACF7-B828-4A86-98CF-D5308B1FDAE7}.Debug|x86.ActiveCfg = Debug|Any CPU
		{CF16ACF7-B828-4A86-98CF-D5308B1FDAE7}.Debug|x86.Build.0 = Debug|Any CPU
		{CF16ACF7-B828-4A86-98CF-D5308B1FDAE7}.Release|Any CPU.ActiveCfg = Release|Any CPU
		{CF16ACF7-B828-4A86-98CF-D5308B1FDAE7}.Release|Any CPU.Build.0 = Release|Any CPU
		{CF16ACF7-B828-4A86-98CF-D5308B1FDAE7}.Release|x64.ActiveCfg = Release|Any CPU
		{CF16ACF7-B828-4A86-98CF-D5308B1FDAE7}.Release|x64.Build.0 = Release|Any CPU
		{CF16ACF7-B828-4A86-98CF-D5308B1FDAE7}.Release|x86.ActiveCfg = Release|Any CPU
		{CF16ACF7-B828-4A86-98CF-D5308B1FDAE7}.Release|x86.Build.0 = Release|Any CPU
	EndGlobalSection
	GlobalSection(SolutionProperties) = preSolution
		HideSolutionNode = FALSE
	EndGlobalSection
	GlobalSection(NestedProjects) = preSolution
		{9DD00416-5327-615F-6AB4-CF9364434F3A} = {827E0CD3-B72D-47B6-A68D-7590B98EB39B}
		{CFC688FB-2678-4E20-8FF3-4A8E00DCB39D} = {827E0CD3-B72D-47B6-A68D-7590B98EB39B}
		{29F8BC38-ACB9-4802-A083-F7DEA20EBA30} = {827E0CD3-B72D-47B6-A68D-7590B98EB39B}
		{66300F5F-F1C9-4A25-8DB6-028DCEB82040} = {827E0CD3-B72D-47B6-A68D-7590B98EB39B}
		{0DEA3B81-70EB-42BC-92DA-4EC31525F4D5} = {827E0CD3-B72D-47B6-A68D-7590B98EB39B}
		{CF16ACF7-B828-4A86-98CF-D5308B1FDAE7} = {827E0CD3-B72D-47B6-A68D-7590B98EB39B}
	EndGlobalSection
	GlobalSection(ExtensibilityGlobals) = postSolution
		SolutionGuid = {2307169A-D00D-412B-B1C2-190862D34D99}
	EndGlobalSection
EndGlobal
